// !$*UTF8*$!
{
	archiveVersion = 1;
	classes = {
	};
	objectVersion = 46;
	objects = {

/* Begin PBXBuildFile section */
		AA6127081BC9CDC9002BF533 /* Dog.swift in Sources */ = {isa = PBXBuildFile; fileRef = AA6127071BC9CDC9002BF533 /* Dog.swift */; settings = {ASSET_TAGS = (); }; };
		AAB5AA571BC48E9700349710 /* AppDelegate.swift in Sources */ = {isa = PBXBuildFile; fileRef = AAB5AA561BC48E9700349710 /* AppDelegate.swift */; };
		AAB5AA591BC48E9700349710 /* DogViewController.swift in Sources */ = {isa = PBXBuildFile; fileRef = AAB5AA581BC48E9700349710 /* DogViewController.swift */; };
		AAB5AA5E1BC48E9700349710 /* Main.storyboard in Resources */ = {isa = PBXBuildFile; fileRef = AAB5AA5C1BC48E9700349710 /* Main.storyboard */; };
		AAB5AA601BC48E9700349710 /* Assets.xcassets in Resources */ = {isa = PBXBuildFile; fileRef = AAB5AA5F1BC48E9700349710 /* Assets.xcassets */; };
		AAB5AA631BC48E9700349710 /* LaunchScreen.storyboard in Resources */ = {isa = PBXBuildFile; fileRef = AAB5AA611BC48E9700349710 /* LaunchScreen.storyboard */; };
		AAB5AA6E1BC48E9700349710 /* DoggieTrackerTests.swift in Sources */ = {isa = PBXBuildFile; fileRef = AAB5AA6D1BC48E9700349710 /* DoggieTrackerTests.swift */; };
		AAB5AA791BC48E9700349710 /* DoggieTrackerUITests.swift in Sources */ = {isa = PBXBuildFile; fileRef = AAB5AA781BC48E9700349710 /* DoggieTrackerUITests.swift */; };
		AADA873E1BC7582D00C48FCD /* RatingControl.swift in Sources */ = {isa = PBXBuildFile; fileRef = AADA873D1BC7582D00C48FCD /* RatingControl.swift */; settings = {ASSET_TAGS = (); }; };
		AADA87421BC8634400C48FCD /* DogTableViewCell.swift in Sources */ = {isa = PBXBuildFile; fileRef = AADA87411BC8634400C48FCD /* DogTableViewCell.swift */; settings = {ASSET_TAGS = (); }; };
		AADA87451BC86AB300C48FCD /* DogTableViewController.swift in Sources */ = {isa = PBXBuildFile; fileRef = AADA87431BC86AB300C48FCD /* DogTableViewController.swift */; settings = {ASSET_TAGS = (); }; };
		AADA87461BC86AB300C48FCD /* DogTableViewController.xib in Resources */ = {isa = PBXBuildFile; fileRef = AADA87441BC86AB300C48FCD /* DogTableViewController.xib */; settings = {ASSET_TAGS = (); }; };
/* End PBXBuildFile section */

/* Begin PBXContainerItemProxy section */
		AAB5AA6A1BC48E9700349710 /* PBXContainerItemProxy */ = {
			isa = PBXContainerItemProxy;
			containerPortal = AAB5AA4B1BC48E9700349710 /* Project object */;
			proxyType = 1;
			remoteGlobalIDString = AAB5AA521BC48E9700349710;
			remoteInfo = DoggieTracker;
		};
		AAB5AA751BC48E9700349710 /* PBXContainerItemProxy */ = {
			isa = PBXContainerItemProxy;
			containerPortal = AAB5AA4B1BC48E9700349710 /* Project object */;
			proxyType = 1;
			remoteGlobalIDString = AAB5AA521BC48E9700349710;
			remoteInfo = DoggieTracker;
		};
/* End PBXContainerItemProxy section */

/* Begin PBXFileReference section */
		AA6127071BC9CDC9002BF533 /* Dog.swift */ = {isa = PBXFileReference; fileEncoding = 4; lastKnownFileType = sourcecode.swift; path = Dog.swift; sourceTree = "<group>"; };
		AAB5AA531BC48E9700349710 /* DoggieTracker.app */ = {isa = PBXFileReference; explicitFileType = wrapper.application; includeInIndex = 0; path = DoggieTracker.app; sourceTree = BUILT_PRODUCTS_DIR; };
		AAB5AA561BC48E9700349710 /* AppDelegate.swift */ = {isa = PBXFileReference; lastKnownFileType = sourcecode.swift; path = AppDelegate.swift; sourceTree = "<group>"; };
		AAB5AA581BC48E9700349710 /* DogViewController.swift */ = {isa = PBXFileReference; lastKnownFileType = sourcecode.swift; name = DogViewController.swift; path = ../DogViewController.swift; sourceTree = "<group>"; };
		AAB5AA5D1BC48E9700349710 /* Base */ = {isa = PBXFileReference; lastKnownFileType = file.storyboard; name = Base; path = Base.lproj/Main.storyboard; sourceTree = "<group>"; };
		AAB5AA5F1BC48E9700349710 /* Assets.xcassets */ = {isa = PBXFileReference; lastKnownFileType = folder.assetcatalog; path = Assets.xcassets; sourceTree = "<group>"; };
		AAB5AA621BC48E9700349710 /* Base */ = {isa = PBXFileReference; lastKnownFileType = file.storyboard; name = Base; path = Base.lproj/LaunchScreen.storyboard; sourceTree = "<group>"; };
		AAB5AA641BC48E9700349710 /* Info.plist */ = {isa = PBXFileReference; lastKnownFileType = text.plist.xml; path = Info.plist; sourceTree = "<group>"; };
		AAB5AA691BC48E9700349710 /* DoggieTrackerTests.xctest */ = {isa = PBXFileReference; explicitFileType = wrapper.cfbundle; includeInIndex = 0; path = DoggieTrackerTests.xctest; sourceTree = BUILT_PRODUCTS_DIR; };
		AAB5AA6D1BC48E9700349710 /* DoggieTrackerTests.swift */ = {isa = PBXFileReference; lastKnownFileType = sourcecode.swift; path = DoggieTrackerTests.swift; sourceTree = "<group>"; };
		AAB5AA6F1BC48E9700349710 /* Info.plist */ = {isa = PBXFileReference; lastKnownFileType = text.plist.xml; path = Info.plist; sourceTree = "<group>"; };
		AAB5AA741BC48E9700349710 /* DoggieTrackerUITests.xctest */ = {isa = PBXFileReference; explicitFileType = wrapper.cfbundle; includeInIndex = 0; path = DoggieTrackerUITests.xctest; sourceTree = BUILT_PRODUCTS_DIR; };
		AAB5AA781BC48E9700349710 /* DoggieTrackerUITests.swift */ = {isa = PBXFileReference; lastKnownFileType = sourcecode.swift; path = DoggieTrackerUITests.swift; sourceTree = "<group>"; };
		AAB5AA7A1BC48E9700349710 /* Info.plist */ = {isa = PBXFileReference; lastKnownFileType = text.plist.xml; path = Info.plist; sourceTree = "<group>"; };
		AADA873D1BC7582D00C48FCD /* RatingControl.swift */ = {isa = PBXFileReference; fileEncoding = 4; lastKnownFileType = sourcecode.swift; name = RatingControl.swift; path = ../RatingControl.swift; sourceTree = "<group>"; };
		AADA87411BC8634400C48FCD /* DogTableViewCell.swift */ = {isa = PBXFileReference; fileEncoding = 4; lastKnownFileType = sourcecode.swift; name = DogTableViewCell.swift; path = ../../DogTableViewCell.swift; sourceTree = "<group>"; };
		AADA87431BC86AB300C48FCD /* DogTableViewController.swift */ = {isa = PBXFileReference; fileEncoding = 4; lastKnownFileType = sourcecode.swift; name = DogTableViewController.swift; path = ../DogTableViewController.swift; sourceTree = "<group>"; };
		AADA87441BC86AB300C48FCD /* DogTableViewController.xib */ = {isa = PBXFileReference; fileEncoding = 4; lastKnownFileType = file.xib; path = DogTableViewController.xib; sourceTree = "<group>"; };
/* End PBXFileReference section */

/* Begin PBXFrameworksBuildPhase section */
		AAB5AA501BC48E9700349710 /* Frameworks */ = {
			isa = PBXFrameworksBuildPhase;
			buildActionMask = 2147483647;
			files = (
			);
			runOnlyForDeploymentPostprocessing = 0;
		};
		AAB5AA661BC48E9700349710 /* Frameworks */ = {
			isa = PBXFrameworksBuildPhase;
			buildActionMask = 2147483647;
			files = (
			);
			runOnlyForDeploymentPostprocessing = 0;
		};
		AAB5AA711BC48E9700349710 /* Frameworks */ = {
			isa = PBXFrameworksBuildPhase;
			buildActionMask = 2147483647;
			files = (
			);
			runOnlyForDeploymentPostprocessing = 0;
		};
/* End PBXFrameworksBuildPhase section */

/* Begin PBXGroup section */
		AA6127061BC9CC60002BF533 /* Models */ = {
			isa = PBXGroup;
			children = (
				AA6127071BC9CDC9002BF533 /* Dog.swift */,
			);
			path = Models;
			sourceTree = "<group>";
		};
		AA61270A1BC9CE7F002BF533 /* Controllers */ = {
			isa = PBXGroup;
			children = (
				AAB5AA581BC48E9700349710 /* DogViewController.swift */,
				AADA87431BC86AB300C48FCD /* DogTableViewController.swift */,
			);
			path = Controllers;
			sourceTree = "<group>";
		};
		AA61270B1BC9CED6002BF533 /* Controls */ = {
			isa = PBXGroup;
			children = (
				AADA873D1BC7582D00C48FCD /* RatingControl.swift */,
			);
			path = Controls;
			sourceTree = "<group>";
		};
		AA61270C1BC9CF85002BF533 /* Views */ = {
			isa = PBXGroup;
			children = (
				AADA87411BC8634400C48FCD /* DogTableViewCell.swift */,
			);
			path = Views;
			sourceTree = "<group>";
		};
		AA61270D1BC9CFD1002BF533 /* Helpers */ = {
			isa = PBXGroup;
			children = (
			);
			name = Helpers;
			sourceTree = "<group>";
		};
		AAB5AA4A1BC48E9700349710 = {
			isa = PBXGroup;
			children = (
				AAB5AA551BC48E9700349710 /* DoggieTracker */,
				AAB5AA6C1BC48E9700349710 /* DoggieTrackerTests */,
				AAB5AA771BC48E9700349710 /* DoggieTrackerUITests */,
				AAB5AA541BC48E9700349710 /* Products */,
			);
			sourceTree = "<group>";
		};
		AAB5AA541BC48E9700349710 /* Products */ = {
			isa = PBXGroup;
			children = (
				AAB5AA531BC48E9700349710 /* DoggieTracker.app */,
				AAB5AA691BC48E9700349710 /* DoggieTrackerTests.xctest */,
				AAB5AA741BC48E9700349710 /* DoggieTrackerUITests.xctest */,
			);
			name = Products;
			sourceTree = "<group>";
		};
		AAB5AA551BC48E9700349710 /* DoggieTracker */ = {
			isa = PBXGroup;
			children = (
				AA61270D1BC9CFD1002BF533 /* Helpers */,
				AA61270C1BC9CF85002BF533 /* Views */,
				AA61270B1BC9CED6002BF533 /* Controls */,
				AA61270A1BC9CE7F002BF533 /* Controllers */,
				AA6127061BC9CC60002BF533 /* Models */,
				AAB5AA561BC48E9700349710 /* AppDelegate.swift */,
				AAB5AA5C1BC48E9700349710 /* Main.storyboard */,
				AADA87441BC86AB300C48FCD /* DogTableViewController.xib */,
				AAB5AA5F1BC48E9700349710 /* Assets.xcassets */,
				AAB5AA611BC48E9700349710 /* LaunchScreen.storyboard */,
				AAB5AA641BC48E9700349710 /* Info.plist */,
			);
			path = DoggieTracker;
			sourceTree = "<group>";
		};
		AAB5AA6C1BC48E9700349710 /* DoggieTrackerTests */ = {
			isa = PBXGroup;
			children = (
				AAB5AA6D1BC48E9700349710 /* DoggieTrackerTests.swift */,
				AAB5AA6F1BC48E9700349710 /* Info.plist */,
			);
			path = DoggieTrackerTests;
			sourceTree = "<group>";
		};
		AAB5AA771BC48E9700349710 /* DoggieTrackerUITests */ = {
			isa = PBXGroup;
			children = (
				AAB5AA781BC48E9700349710 /* DoggieTrackerUITests.swift */,
				AAB5AA7A1BC48E9700349710 /* Info.plist */,
			);
			path = DoggieTrackerUITests;
			sourceTree = "<group>";
		};
/* End PBXGroup section */

/* Begin PBXNativeTarget section */
		AAB5AA521BC48E9700349710 /* DoggieTracker */ = {
			isa = PBXNativeTarget;
			buildConfigurationList = AAB5AA7D1BC48E9700349710 /* Build configuration list for PBXNativeTarget "DoggieTracker" */;
			buildPhases = (
				AAB5AA4F1BC48E9700349710 /* Sources */,
				AAB5AA501BC48E9700349710 /* Frameworks */,
				AAB5AA511BC48E9700349710 /* Resources */,
			);
			buildRules = (
			);
			dependencies = (
			);
			name = DoggieTracker;
			productName = DoggieTracker;
			productReference = AAB5AA531BC48E9700349710 /* DoggieTracker.app */;
			productType = "com.apple.product-type.application";
		};
		AAB5AA681BC48E9700349710 /* DoggieTrackerTests */ = {
			isa = PBXNativeTarget;
			buildConfigurationList = AAB5AA801BC48E9700349710 /* Build configuration list for PBXNativeTarget "DoggieTrackerTests" */;
			buildPhases = (
				AAB5AA651BC48E9700349710 /* Sources */,
				AAB5AA661BC48E9700349710 /* Frameworks */,
				AAB5AA671BC48E9700349710 /* Resources */,
			);
			buildRules = (
			);
			dependencies = (
				AAB5AA6B1BC48E9700349710 /* PBXTargetDependency */,
			);
			name = DoggieTrackerTests;
			productName = DoggieTrackerTests;
			productReference = AAB5AA691BC48E9700349710 /* DoggieTrackerTests.xctest */;
			productType = "com.apple.product-type.bundle.unit-test";
		};
		AAB5AA731BC48E9700349710 /* DoggieTrackerUITests */ = {
			isa = PBXNativeTarget;
			buildConfigurationList = AAB5AA831BC48E9700349710 /* Build configuration list for PBXNativeTarget "DoggieTrackerUITests" */;
			buildPhases = (
				AAB5AA701BC48E9700349710 /* Sources */,
				AAB5AA711BC48E9700349710 /* Frameworks */,
				AAB5AA721BC48E9700349710 /* Resources */,
			);
			buildRules = (
			);
			dependencies = (
				AAB5AA761BC48E9700349710 /* PBXTargetDependency */,
			);
			name = DoggieTrackerUITests;
			productName = DoggieTrackerUITests;
			productReference = AAB5AA741BC48E9700349710 /* DoggieTrackerUITests.xctest */;
			productType = "com.apple.product-type.bundle.ui-testing";
		};
/* End PBXNativeTarget section */

/* Begin PBXProject section */
		AAB5AA4B1BC48E9700349710 /* Project object */ = {
			isa = PBXProject;
			attributes = {
				LastUpgradeCheck = 0700;
				ORGANIZATIONNAME = SLH;
				TargetAttributes = {
					AAB5AA521BC48E9700349710 = {
						CreatedOnToolsVersion = 7.0.1;
					};
					AAB5AA681BC48E9700349710 = {
						CreatedOnToolsVersion = 7.0.1;
						TestTargetID = AAB5AA521BC48E9700349710;
					};
					AAB5AA731BC48E9700349710 = {
						CreatedOnToolsVersion = 7.0.1;
						TestTargetID = AAB5AA521BC48E9700349710;
					};
				};
			};
			buildConfigurationList = AAB5AA4E1BC48E9700349710 /* Build configuration list for PBXProject "DoggieTracker" */;
			compatibilityVersion = "Xcode 3.2";
			developmentRegion = English;
			hasScannedForEncodings = 0;
			knownRegions = (
				en,
				Base,
			);
			mainGroup = AAB5AA4A1BC48E9700349710;
			productRefGroup = AAB5AA541BC48E9700349710 /* Products */;
			projectDirPath = "";
			projectRoot = "";
			targets = (
				AAB5AA521BC48E9700349710 /* DoggieTracker */,
				AAB5AA681BC48E9700349710 /* DoggieTrackerTests */,
				AAB5AA731BC48E9700349710 /* DoggieTrackerUITests */,
			);
		};
/* End PBXProject section */

/* Begin PBXResourcesBuildPhase section */
		AAB5AA511BC48E9700349710 /* Resources */ = {
			isa = PBXResourcesBuildPhase;
			buildActionMask = 2147483647;
			files = (
				AADA87461BC86AB300C48FCD /* DogTableViewController.xib in Resources */,
				AAB5AA631BC48E9700349710 /* LaunchScreen.storyboard in Resources */,
				AAB5AA601BC48E9700349710 /* Assets.xcassets in Resources */,
				AAB5AA5E1BC48E9700349710 /* Main.storyboard in Resources */,
			);
			runOnlyForDeploymentPostprocessing = 0;
		};
		AAB5AA671BC48E9700349710 /* Resources */ = {
			isa = PBXResourcesBuildPhase;
			buildActionMask = 2147483647;
			files = (
			);
			runOnlyForDeploymentPostprocessing = 0;
		};
		AAB5AA721BC48E9700349710 /* Resources */ = {
			isa = PBXResourcesBuildPhase;
			buildActionMask = 2147483647;
			files = (
			);
			runOnlyForDeploymentPostprocessing = 0;
		};
/* End PBXResourcesBuildPhase section */

/* Begin PBXSourcesBuildPhase section */
		AAB5AA4F1BC48E9700349710 /* Sources */ = {
			isa = PBXSourcesBuildPhase;
			buildActionMask = 2147483647;
			files = (
				AADA873E1BC7582D00C48FCD /* RatingControl.swift in Sources */,
				AADA87421BC8634400C48FCD /* DogTableViewCell.swift in Sources */,
				AA6127081BC9CDC9002BF533 /* Dog.swift in Sources */,
				AAB5AA571BC48E9700349710 /* AppDelegate.swift in Sources */,
				AADA87451BC86AB300C48FCD /* DogTableViewController.swift in Sources */,
				AAB5AA591BC48E9700349710 /* DogViewController.swift in Sources */,
			);
			runOnlyForDeploymentPostprocessing = 0;
		};
		AAB5AA651BC48E9700349710 /* Sources */ = {
			isa = PBXSourcesBuildPhase;
			buildActionMask = 2147483647;
			files = (
				AAB5AA6E1BC48E9700349710 /* DoggieTrackerTests.swift in Sources */,
			);
			runOnlyForDeploymentPostprocessing = 0;
		};
		AAB5AA701BC48E9700349710 /* Sources */ = {
			isa = PBXSourcesBuildPhase;
			buildActionMask = 2147483647;
			files = (
				AAB5AA791BC48E9700349710 /* DoggieTrackerUITests.swift in Sources */,
			);
			runOnlyForDeploymentPostprocessing = 0;
		};
/* End PBXSourcesBuildPhase section */

/* Begin PBXTargetDependency section */
		AAB5AA6B1BC48E9700349710 /* PBXTargetDependency */ = {
			isa = PBXTargetDependency;
			target = AAB5AA521BC48E9700349710 /* DoggieTracker */;
			targetProxy = AAB5AA6A1BC48E9700349710 /* PBXContainerItemProxy */;
		};
		AAB5AA761BC48E9700349710 /* PBXTargetDependency */ = {
			isa = PBXTargetDependency;
			target = AAB5AA521BC48E9700349710 /* DoggieTracker */;
			targetProxy = AAB5AA751BC48E9700349710 /* PBXContainerItemProxy */;
		};
/* End PBXTargetDependency section */

/* Begin PBXVariantGroup section */
		AAB5AA5C1BC48E9700349710 /* Main.storyboard */ = {
			isa = PBXVariantGroup;
			children = (
				AAB5AA5D1BC48E9700349710 /* Base */,
			);
			name = Main.storyboard;
			sourceTree = "<group>";
		};
		AAB5AA611BC48E9700349710 /* LaunchScreen.storyboard */ = {
			isa = PBXVariantGroup;
			children = (
				AAB5AA621BC48E9700349710 /* Base */,
			);
			name = LaunchScreen.storyboard;
			sourceTree = "<group>";
		};
/* End PBXVariantGroup section */

/* Begin XCBuildConfiguration section */
		AAB5AA7B1BC48E9700349710 /* Debug */ = {
			isa = XCBuildConfiguration;
			buildSettings = {
				ALWAYS_SEARCH_USER_PATHS = NO;
				CLANG_CXX_LANGUAGE_STANDARD = "gnu++0x";
				CLANG_CXX_LIBRARY = "libc++";
				CLANG_ENABLE_MODULES = YES;
				CLANG_ENABLE_OBJC_ARC = YES;
				CLANG_WARN_BOOL_CONVERSION = YES;
				CLANG_WARN_CONSTANT_CONVERSION = YES;
				CLANG_WARN_DIRECT_OBJC_ISA_USAGE = YES_ERROR;
				CLANG_WARN_EMPTY_BODY = YES;
				CLANG_WARN_ENUM_CONVERSION = YES;
				CLANG_WARN_INT_CONVERSION = YES;
				CLANG_WARN_OBJC_ROOT_CLASS = YES_ERROR;
				CLANG_WARN_UNREACHABLE_CODE = YES;
				CLANG_WARN__DUPLICATE_METHOD_MATCH = YES;
				"CODE_SIGN_IDENTITY[sdk=iphoneos*]" = "iPhone Developer";
				COPY_PHASE_STRIP = NO;
				DEBUG_INFORMATION_FORMAT = dwarf;
				ENABLE_STRICT_OBJC_MSGSEND = YES;
				ENABLE_TESTABILITY = YES;
				GCC_C_LANGUAGE_STANDARD = gnu99;
				GCC_DYNAMIC_NO_PIC = NO;
				GCC_NO_COMMON_BLOCKS = YES;
				GCC_OPTIMIZATION_LEVEL = 0;
				GCC_PREPROCESSOR_DEFINITIONS = (
					"DEBUG=1",
					"$(inherited)",
				);
				GCC_WARN_64_TO_32_BIT_CONVERSION = YES;
				GCC_WARN_ABOUT_RETURN_TYPE = YES_ERROR;
				GCC_WARN_UNDECLARED_SELECTOR = YES;
				GCC_WARN_UNINITIALIZED_AUTOS = YES_AGGRESSIVE;
				GCC_WARN_UNUSED_FUNCTION = YES;
				GCC_WARN_UNUSED_VARIABLE = YES;
				IPHONEOS_DEPLOYMENT_TARGET = 9.0;
				MTL_ENABLE_DEBUG_INFO = YES;
				ONLY_ACTIVE_ARCH = YES;
				SDKROOT = iphoneos;
				SWIFT_OPTIMIZATION_LEVEL = "-Onone";
				TARGETED_DEVICE_FAMILY = "1,2";
			};
			name = Debug;
		};
		AAB5AA7C1BC48E9700349710 /* Release */ = {
			isa = XCBuildConfiguration;
			buildSettings = {
				ALWAYS_SEARCH_USER_PATHS = NO;
				CLANG_CXX_LANGUAGE_STANDARD = "gnu++0x";
				CLANG_CXX_LIBRARY = "libc++";
				CLANG_ENABLE_MODULES = YES;
				CLANG_ENABLE_OBJC_ARC = YES;
				CLANG_WARN_BOOL_CONVERSION = YES;
				CLANG_WARN_CONSTANT_CONVERSION = YES;
				CLANG_WARN_DIRECT_OBJC_ISA_USAGE = YES_ERROR;
				CLANG_WARN_EMPTY_BODY = YES;
				CLANG_WARN_ENUM_CONVERSION = YES;
				CLANG_WARN_INT_CONVERSION = YES;
				CLANG_WARN_OBJC_ROOT_CLASS = YES_ERROR;
				CLANG_WARN_UNREACHABLE_CODE = YES;
				CLANG_WARN__DUPLICATE_METHOD_MATCH = YES;
				"CODE_SIGN_IDENTITY[sdk=iphoneos*]" = "iPhone Developer";
				COPY_PHASE_STRIP = NO;
				DEBUG_INFORMATION_FORMAT = "dwarf-with-dsym";
				ENABLE_NS_ASSERTIONS = NO;
				ENABLE_STRICT_OBJC_MSGSEND = YES;
				GCC_C_LANGUAGE_STANDARD = gnu99;
				GCC_NO_COMMON_BLOCKS = YES;
				GCC_WARN_64_TO_32_BIT_CONVERSION = YES;
				GCC_WARN_ABOUT_RETURN_TYPE = YES_ERROR;
				GCC_WARN_UNDECLARED_SELECTOR = YES;
				GCC_WARN_UNINITIALIZED_AUTOS = YES_AGGRESSIVE;
				GCC_WARN_UNUSED_FUNCTION = YES;
				GCC_WARN_UNUSED_VARIABLE = YES;
				IPHONEOS_DEPLOYMENT_TARGET = 9.0;
				MTL_ENABLE_DEBUG_INFO = NO;
				SDKROOT = iphoneos;
				TARGETED_DEVICE_FAMILY = "1,2";
				VALIDATE_PRODUCT = YES;
			};
			name = Release;
		};
		AAB5AA7E1BC48E9700349710 /* Debug */ = {
			isa = XCBuildConfiguration;
			buildSettings = {
				ASSETCATALOG_COMPILER_APPICON_NAME = AppIcon;
				INFOPLIST_FILE = DoggieTracker/Info.plist;
				LD_RUNPATH_SEARCH_PATHS = "$(inherited) @executable_path/Frameworks";
				PRODUCT_BUNDLE_IDENTIFIER = com.slh.DoggieTracker;
				PRODUCT_NAME = "$(TARGET_NAME)";
			};
			name = Debug;
		};
		AAB5AA7F1BC48E9700349710 /* Release */ = {
			isa = XCBuildConfiguration;
			buildSettings = {
				ASSETCATALOG_COMPILER_APPICON_NAME = AppIcon;
				INFOPLIST_FILE = DoggieTracker/Info.plist;
				LD_RUNPATH_SEARCH_PATHS = "$(inherited) @executable_path/Frameworks";
				PRODUCT_BUNDLE_IDENTIFIER = com.slh.DoggieTracker;
				PRODUCT_NAME = "$(TARGET_NAME)";
			};
			name = Release;
		};
		AAB5AA811BC48E9700349710 /* Debug */ = {
			isa = XCBuildConfiguration;
			buildSettings = {
				BUNDLE_LOADER = "$(TEST_HOST)";
				INFOPLIST_FILE = DoggieTrackerTests/Info.plist;
				LD_RUNPATH_SEARCH_PATHS = "$(inherited) @executable_path/Frameworks @loader_path/Frameworks";
				PRODUCT_BUNDLE_IDENTIFIER = com.slh.DoggieTrackerTests;
				PRODUCT_NAME = "$(TARGET_NAME)";
				TEST_HOST = "$(BUILT_PRODUCTS_DIR)/DoggieTracker.app/DoggieTracker";
			};
			name = Debug;
		};
		AAB5AA821BC48E9700349710 /* Release */ = {
			isa = XCBuildConfiguration;
			buildSettings = {
				BUNDLE_LOADER = "$(TEST_HOST)";
				INFOPLIST_FILE = DoggieTrackerTests/Info.plist;
				LD_RUNPATH_SEARCH_PATHS = "$(inherited) @executable_path/Frameworks @loader_path/Frameworks";
				PRODUCT_BUNDLE_IDENTIFIER = com.slh.DoggieTrackerTests;
				PRODUCT_NAME = "$(TARGET_NAME)";
				TEST_HOST = "$(BUILT_PRODUCTS_DIR)/DoggieTracker.app/DoggieTracker";
			};
			name = Release;
		};
		AAB5AA841BC48E9700349710 /* Debug */ = {
			isa = XCBuildConfiguration;
			buildSettings = {
				INFOPLIST_FILE = DoggieTrackerUITests/Info.plist;
				LD_RUNPATH_SEARCH_PATHS = "$(inherited) @executable_path/Frameworks @loader_path/Frameworks";
				PRODUCT_BUNDLE_IDENTIFIER = com.slh.DoggieTrackerUITests;
				PRODUCT_NAME = "$(TARGET_NAME)";
				TEST_TARGET_NAME = DoggieTracker;
				USES_XCTRUNNER = YES;
			};
			name = Debug;
		};
		AAB5AA851BC48E9700349710 /* Release */ = {
			isa = XCBuildConfiguration;
			buildSettings = {
				INFOPLIST_FILE = DoggieTrackerUITests/Info.plist;
				LD_RUNPATH_SEARCH_PATHS = "$(inherited) @executable_path/Frameworks @loader_path/Frameworks";
				PRODUCT_BUNDLE_IDENTIFIER = com.slh.DoggieTrackerUITests;
				PRODUCT_NAME = "$(TARGET_NAME)";
				TEST_TARGET_NAME = DoggieTracker;
				USES_XCTRUNNER = YES;
			};
			name = Release;
		};
/* End XCBuildConfiguration section */

/* Begin XCConfigurationList section */
		AAB5AA4E1BC48E9700349710 /* Build configuration list for PBXProject "DoggieTracker" */ = {
			isa = XCConfigurationList;
			buildConfigurations = (
				AAB5AA7B1BC48E9700349710 /* Debug */,
				AAB5AA7C1BC48E9700349710 /* Release */,
			);
			defaultConfigurationIsVisible = 0;
			defaultConfigurationName = Release;
		};
		AAB5AA7D1BC48E9700349710 /* Build configuration list for PBXNativeTarget "DoggieTracker" */ = {
			isa = XCConfigurationList;
			buildConfigurations = (
				AAB5AA7E1BC48E9700349710 /* Debug */,
				AAB5AA7F1BC48E9700349710 /* Release */,
			);
			defaultConfigurationIsVisible = 0;
			defaultConfigurationName = Release;
		};
		AAB5AA801BC48E9700349710 /* Build configuration list for PBXNativeTarget "DoggieTrackerTests" */ = {
			isa = XCConfigurationList;
			buildConfigurations = (
				AAB5AA811BC48E9700349710 /* Debug */,
				AAB5AA821BC48E9700349710 /* Release */,
			);
			defaultConfigurationIsVisible = 0;
			defaultConfigurationName = Release;
		};
		AAB5AA831BC48E9700349710 /* Build configuration list for PBXNativeTarget "DoggieTrackerUITests" */ = {
			isa = XCConfigurationList;
			buildConfigurations = (
				AAB5AA841BC48E9700349710 /* Debug */,
				AAB5AA851BC48E9700349710 /* Release */,
			);
			defaultConfigurationIsVisible = 0;
			defaultConfigurationName = Release;
		};
/* End XCConfigurationList section */
	};
	rootObject = AAB5AA4B1BC48E9700349710 /* Project object */;
}
